
Microsoft Visual Studio Solution File, Format Version 11.00
# Visual Studio 2010
Project("{FAE04EC0-301F-11D3-BF4B-00C04F79EFBC}") = "Assignment1", "Assignment1\Assignment1\Assignment1.csproj", "{542FF631-29F5-405F-A731-FBFF2E0FACED}"
EndProject
Project("{96E2B04D-8817-42C6-938A-82C39BA4D311}") = "Assignment1Content", "Assignment1\Assignment1Content\Assignment1Content.contentproj", "{8A1B7EC6-E3BF-4378-A95D-37A9E520E7E7}"
EndProject
Global
	GlobalSection(SolutionConfigurationPlatforms) = preSolution
		Debug|x86 = Debug|x86
		Release|x86 = Release|x86
	EndGlobalSection
	GlobalSection(ProjectConfigurationPlatforms) = postSolution
		{542FF631-29F5-405F-A731-FBFF2E0FACED}.Debug|x86.ActiveCfg = Debug|x86
		{542FF631-29F5-405F-A731-FBFF2E0FACED}.Debug|x86.Build.0 = Debug|x86
		{542FF631-29F5-405F-A731-FBFF2E0FACED}.Release|x86.ActiveCfg = Release|x86
		{542FF631-29F5-405F-A731-FBFF2E0FACED}.Release|x86.Build.0 = Release|x86
		{8A1B7EC6-E3BF-4378-A95D-37A9E520E7E7}.Debug|x86.ActiveCfg = Debug|x86
		{8A1B7EC6-E3BF-4378-A95D-37A9E520E7E7}.Release|x86.ActiveCfg = Release|x86
	EndGlobalSection
	GlobalSection(SolutionProperties) = preSolution
		HideSolutionNode = FALSE
	EndGlobalSection
EndGlobal
